
Microsoft Visual Studio Solution File, Format Version 12.00
# Visual Studio Version 17
VisualStudioVersion = 17.7.34202.233
MinimumVisualStudioVersion = 10.0.40219.1
Project("{FAE04EC0-301F-11D3-BF4B-00C04F79EFBC}") = "WebInformacionDocenteJdL", "WebInformacionDocenteJdL\WebInformacionDocenteJdL.csproj", "{E02DA180-8D37-45A0-BC49-029F03C10B5A}"
EndProject
Global
	GlobalSection(SolutionConfigurationPlatforms) = preSolution
		Debug|Any CPU = Debug|Any CPU
		Release|Any CPU = Release|Any CPU
	EndGlobalSection
	GlobalSection(ProjectConfigurationPlatforms) = postSolution
		{E02DA180-8D37-45A0-BC49-029F03C10B5A}.Debug|Any CPU.ActiveCfg = Debug|Any CPU
		{E02DA180-8D37-45A0-BC49-029F03C10B5A}.Debug|Any CPU.Build.0 = Debug|Any CPU
		{E02DA180-8D37-45A0-BC49-029F03C10B5A}.Release|Any CPU.ActiveCfg = Release|Any CPU
		{E02DA180-8D37-45A0-BC49-029F03C10B5A}.Release|Any CPU.Build.0 = Release|Any CPU
	EndGlobalSection
	GlobalSection(SolutionProperties) = preSolution
		HideSolutionNode = FALSE
	EndGlobalSection
	GlobalSection(ExtensibilityGlobals) = postSolution
		SolutionGuid = {B355A39F-2855-4CA8-AADE-0D0276527A18}
	EndGlobalSection
EndGlobal
